
Microsoft Visual Studio Solution File, Format Version 12.00
# Visual Studio Version 17
VisualStudioVersion = 17.6.33815.320
MinimumVisualStudioVersion = 10.0.40219.1
Project("{FAE04EC0-301F-11D3-BF4B-00C04F79EFBC}") = "ToDoList", "ToDoList\ToDoList.csproj", "{378FE7B5-01E5-40C9-A182-A10BDC1AF504}"
EndProject
Global
	GlobalSection(SolutionConfigurationPlatforms) = preSolution
		Debug|Any CPU = Debug|Any CPU
		Release|Any CPU = Release|Any CPU
	EndGlobalSection
	GlobalSection(ProjectConfigurationPlatforms) = postSolution
		{378FE7B5-01E5-40C9-A182-A10BDC1AF504}.Debug|Any CPU.ActiveCfg = Debug|Any CPU
		{378FE7B5-01E5-40C9-A182-A10BDC1AF504}.Debug|Any CPU.Build.0 = Debug|Any CPU
		{378FE7B5-01E5-40C9-A182-A10BDC1AF504}.Release|Any CPU.ActiveCfg = Release|Any CPU
		{378FE7B5-01E5-40C9-A182-A10BDC1AF504}.Release|Any CPU.Build.0 = Release|Any CPU
	EndGlobalSection
	GlobalSection(SolutionProperties) = preSolution
		HideSolutionNode = FALSE
	EndGlobalSection
	GlobalSection(ExtensibilityGlobals) = postSolution
		SolutionGuid = {B1C922D5-D67D-4ED6-B6E2-5B6A51B0CC3B}
	EndGlobalSection
EndGlobal
